
Microsoft Visual Studio Solution File, Format Version 12.00
# Visual Studio Version 16
VisualStudioVersion = 16.0.31321.278
MinimumVisualStudioVersion = 10.0.40219.1
Project("{FAE04EC0-301F-11D3-BF4B-00C04F79EFBC}") = "ZAbstraction.Mongo", "ZAbstraction.Mongo\ZAbstraction.Mongo.csproj", "{577B95D3-376B-4333-AA24-849A5421B1A7}"
EndProject
Global
	GlobalSection(SolutionConfigurationPlatforms) = preSolution
		Debug|Any CPU = Debug|Any CPU
		Release|Any CPU = Release|Any CPU
	EndGlobalSection
	GlobalSection(ProjectConfigurationPlatforms) = postSolution
		{577B95D3-376B-4333-AA24-849A5421B1A7}.Debug|Any CPU.ActiveCfg = Debug|Any CPU
		{577B95D3-376B-4333-AA24-849A5421B1A7}.Debug|Any CPU.Build.0 = Debug|Any CPU
		{577B95D3-376B-4333-AA24-849A5421B1A7}.Release|Any CPU.ActiveCfg = Release|Any CPU
		{577B95D3-376B-4333-AA24-849A5421B1A7}.Release|Any CPU.Build.0 = Release|Any CPU
	EndGlobalSection
	GlobalSection(SolutionProperties) = preSolution
		HideSolutionNode = FALSE
	EndGlobalSection
	GlobalSection(ExtensibilityGlobals) = postSolution
		SolutionGuid = {7E7EDD73-9954-4B6C-8195-091BEEE2063A}
	EndGlobalSection
EndGlobal
